PODS:
  - Alamofire (5.4.2)
  - AlamofireImage (4.2.0):
    - Alamofire (~> 5.4)
  - API (0.0.1):
    - AlamofireImage
    - SwiftLint
  - DataModels (0.1.0):
    - AlamofireImage
    - SwiftLint
  - Details (0.1.0):
    - AlamofireImage
    - LucasCoinAPI
    - LucasUtilities
  - LucasCoinAPI (0.0.1):
    - AlamofireImage
    - SwiftLint
  - LucasUtilities (0.0.1)
  - SwiftLint (0.43.1)

DEPENDENCIES:
  - API (from `https://github.com/lucaswkuipers/API.git`)
  - DataModels (from `https://github.com/ssabrinasu/DataModels.git`)
  - Details (from `../`)
  - SwiftLint

SPEC REPOS:
  trunk:
    - Alamofire
    - AlamofireImage
    - LucasCoinAPI
    - LucasUtilities
    - SwiftLint

EXTERNAL SOURCES:
  API:
    :git: https://github.com/lucaswkuipers/API.git
  DataModels:
    :git: https://github.com/ssabrinasu/DataModels.git
  Details:
    :path: "../"

CHECKOUT OPTIONS:
  API:
    :commit: 3913e95fd0d27eb7b4c87690d7b7c9af59168c0c
    :git: https://github.com/lucaswkuipers/API.git
  DataModels:
    :commit: 848fc3bc2b52fada29941537ee4acc296fb613fa
    :git: https://github.com/ssabrinasu/DataModels.git

SPEC CHECKSUMS:
  Alamofire: bfbc4c2fe5909b1d94fb4ef2277c6b3727ef5dae
  AlamofireImage: 34a2d90b0e5fe6a5605f85ae4b7b01e784c60192
  API: 72054ef4be24a2d740cfbd6caa03cc7b9dbb9754
  DataModels: b2f8c7025a553f5eafc14713f90b80d72753e35f
  Details: 3659e3b5dc2a8faa5f72ed88add51457b5e01d79
  LucasCoinAPI: 62d41fe08e88c4656279cd43093985810322ce8c
  LucasUtilities: c73bbb97aedeca721933743b44dd6523d8266919
  SwiftLint: 99f82d07b837b942dd563c668de129a03fc3fb52

PODFILE CHECKSUM: 89bc80fb8c7c7be9b7a9fae86c002ab0c7d1702b

COCOAPODS: 1.10.1
